// !$*UTF8*$!
{
	archiveVersion = 1;
	classes = {
	};
	objectVersion = 56;
	objects = {

/* Begin PBXBuildFile section */
		27ED881F2C99C55800D9B35B /* walletCSIAApp.swift in Sources */ = {isa = PBXBuildFile; fileRef = 27ED881E2C99C55800D9B35B /* walletCSIAApp.swift */; };
		27ED88212C99C55800D9B35B /* ContentView.swift in Sources */ = {isa = PBXBuildFile; fileRef = 27ED88202C99C55800D9B35B /* ContentView.swift */; };
		27ED88232C99C55800D9B35B /* Item.swift in Sources */ = {isa = PBXBuildFile; fileRef = 27ED88222C99C55800D9B35B /* Item.swift */; };
		27ED88252C99C55B00D9B35B /* Assets.xcassets in Resources */ = {isa = PBXBuildFile; fileRef = 27ED88242C99C55B00D9B35B /* Assets.xcassets */; };
		27ED88282C99C55B00D9B35B /* Preview Assets.xcassets in Resources */ = {isa = PBXBuildFile; fileRef = 27ED88272C99C55B00D9B35B /* Preview Assets.xcassets */; };
		27ED88312C99C62D00D9B35B /* creditCard.swift in Sources */ = {isa = PBXBuildFile; fileRef = 27ED88302C99C62D00D9B35B /* creditCard.swift */; };
		27ED88332C99C63E00D9B35B /* currency.swift in Sources */ = {isa = PBXBuildFile; fileRef = 27ED88322C99C63E00D9B35B /* currency.swift */; };
		27ED88352C99C65900D9B35B /* category.swift in Sources */ = {isa = PBXBuildFile; fileRef = 27ED88342C99C65900D9B35B /* category.swift */; };
		27ED88372C99C67B00D9B35B /* expense.swift in Sources */ = {isa = PBXBuildFile; fileRef = 27ED88362C99C67B00D9B35B /* expense.swift */; };
		27ED883D2C99C71600D9B35B /* settings.swift in Sources */ = {isa = PBXBuildFile; fileRef = 27ED883C2C99C71600D9B35B /* settings.swift */; };
		27ED883F2C99C74F00D9B35B /* allCards.swift in Sources */ = {isa = PBXBuildFile; fileRef = 27ED883E2C99C74F00D9B35B /* allCards.swift */; };
		27ED88412C99C76900D9B35B /* newExpense.swift in Sources */ = {isa = PBXBuildFile; fileRef = 27ED88402C99C76900D9B35B /* newExpense.swift */; };
		27ED88432C99C78900D9B35B /* allExpense.swift in Sources */ = {isa = PBXBuildFile; fileRef = 27ED88422C99C78900D9B35B /* allExpense.swift */; };
		27ED88472C9B2B2200D9B35B /* graphScreen.swift in Sources */ = {isa = PBXBuildFile; fileRef = 27ED88462C9B2B2200D9B35B /* graphScreen.swift */; };
		27ED88492C9B2E3100D9B35B /* newCategory.swift in Sources */ = {isa = PBXBuildFile; fileRef = 27ED88482C9B2E3100D9B35B /* newCategory.swift */; };
		27ED884B2C9B40DD00D9B35B /* instanceListEditor.swift in Sources */ = {isa = PBXBuildFile; fileRef = 27ED884A2C9B40DD00D9B35B /* instanceListEditor.swift */; };
/* End PBXBuildFile section */

/* Begin PBXFileReference section */
		27ED881B2C99C55800D9B35B /* walletCSIA.app */ = {isa = PBXFileReference; explicitFileType = wrapper.application; includeInIndex = 0; path = walletCSIA.app; sourceTree = BUILT_PRODUCTS_DIR; };
		27ED881E2C99C55800D9B35B /* walletCSIAApp.swift */ = {isa = PBXFileReference; lastKnownFileType = sourcecode.swift; path = walletCSIAApp.swift; sourceTree = "<group>"; };
		27ED88202C99C55800D9B35B /* ContentView.swift */ = {isa = PBXFileReference; lastKnownFileType = sourcecode.swift; path = ContentView.swift; sourceTree = "<group>"; };
		27ED88222C99C55800D9B35B /* Item.swift */ = {isa = PBXFileReference; lastKnownFileType = sourcecode.swift; path = Item.swift; sourceTree = "<group>"; };
		27ED88242C99C55B00D9B35B /* Assets.xcassets */ = {isa = PBXFileReference; lastKnownFileType = folder.assetcatalog; path = Assets.xcassets; sourceTree = "<group>"; };
		27ED88272C99C55B00D9B35B /* Preview Assets.xcassets */ = {isa = PBXFileReference; lastKnownFileType = folder.assetcatalog; path = "Preview Assets.xcassets"; sourceTree = "<group>"; };
		27ED88302C99C62D00D9B35B /* creditCard.swift */ = {isa = PBXFileReference; lastKnownFileType = sourcecode.swift; path = creditCard.swift; sourceTree = "<group>"; };
		27ED88322C99C63E00D9B35B /* currency.swift */ = {isa = PBXFileReference; lastKnownFileType = sourcecode.swift; path = currency.swift; sourceTree = "<group>"; };
		27ED88342C99C65900D9B35B /* category.swift */ = {isa = PBXFileReference; lastKnownFileType = sourcecode.swift; path = category.swift; sourceTree = "<group>"; };
		27ED88362C99C67B00D9B35B /* expense.swift */ = {isa = PBXFileReference; lastKnownFileType = sourcecode.swift; path = expense.swift; sourceTree = "<group>"; };
		27ED883C2C99C71600D9B35B /* settings.swift */ = {isa = PBXFileReference; lastKnownFileType = sourcecode.swift; path = settings.swift; sourceTree = "<group>"; };
		27ED883E2C99C74F00D9B35B /* allCards.swift */ = {isa = PBXFileReference; lastKnownFileType = sourcecode.swift; path = allCards.swift; sourceTree = "<group>"; };
		27ED88402C99C76900D9B35B /* newExpense.swift */ = {isa = PBXFileReference; lastKnownFileType = sourcecode.swift; path = newExpense.swift; sourceTree = "<group>"; };
		27ED88422C99C78900D9B35B /* allExpense.swift */ = {isa = PBXFileReference; lastKnownFileType = sourcecode.swift; path = allExpense.swift; sourceTree = "<group>"; };
		27ED88462C9B2B2200D9B35B /* graphScreen.swift */ = {isa = PBXFileReference; lastKnownFileType = sourcecode.swift; path = graphScreen.swift; sourceTree = "<group>"; };
		27ED88482C9B2E3100D9B35B /* newCategory.swift */ = {isa = PBXFileReference; lastKnownFileType = sourcecode.swift; path = newCategory.swift; sourceTree = "<group>"; };
		27ED884A2C9B40DD00D9B35B /* instanceListEditor.swift */ = {isa = PBXFileReference; lastKnownFileType = sourcecode.swift; path = instanceListEditor.swift; sourceTree = "<group>"; };
/* End PBXFileReference section */

/* Begin PBXFrameworksBuildPhase section */
		27ED88182C99C55800D9B35B /* Frameworks */ = {
			isa = PBXFrameworksBuildPhase;
			buildActionMask = 2147483647;
			files = (
			);
			runOnlyForDeploymentPostprocessing = 0;
		};
/* End PBXFrameworksBuildPhase section */

/* Begin PBXGroup section */
		27ED88122C99C55800D9B35B = {
			isa = PBXGroup;
			children = (
				27ED881D2C99C55800D9B35B /* walletCSIA */,
				27ED881C2C99C55800D9B35B /* Products */,
			);
			sourceTree = "<group>";
		};
		27ED881C2C99C55800D9B35B /* Products */ = {
			isa = PBXGroup;
			children = (
				27ED881B2C99C55800D9B35B /* walletCSIA.app */,
			);
			name = Products;
			sourceTree = "<group>";
		};
		27ED881D2C99C55800D9B35B /* walletCSIA */ = {
			isa = PBXGroup;
			children = (
				27ED882F2C99C5F500D9B35B /* model */,
				27ED882E2C99C5E700D9B35B /* view */,
				27ED881E2C99C55800D9B35B /* walletCSIAApp.swift */,
				27ED88202C99C55800D9B35B /* ContentView.swift */,
				27ED88222C99C55800D9B35B /* Item.swift */,
				27ED88242C99C55B00D9B35B /* Assets.xcassets */,
				27ED88262C99C55B00D9B35B /* Preview Content */,
			);
			path = walletCSIA;
			sourceTree = "<group>";
		};
		27ED88262C99C55B00D9B35B /* Preview Content */ = {
			isa = PBXGroup;
			children = (
				27ED88272C99C55B00D9B35B /* Preview Assets.xcassets */,
			);
			path = "Preview Content";
			sourceTree = "<group>";
		};
		27ED882E2C99C5E700D9B35B /* view */ = {
			isa = PBXGroup;
			children = (
				27ED883B2C99C70800D9B35B /* setting */,
				27ED883A2C99C6FF00D9B35B /* card */,
				27ED88392C99C6F900D9B35B /* expense */,
				27ED88382C99C6F400D9B35B /* graph */,
			);
			path = view;
			sourceTree = "<group>";
		};
		27ED882F2C99C5F500D9B35B /* model */ = {
			isa = PBXGroup;
			children = (
				27ED88302C99C62D00D9B35B /* creditCard.swift */,
				27ED88322C99C63E00D9B35B /* currency.swift */,
				27ED88342C99C65900D9B35B /* category.swift */,
				27ED88362C99C67B00D9B35B /* expense.swift */,
			);
			path = model;
			sourceTree = "<group>";
		};
		27ED88382C99C6F400D9B35B /* graph */ = {
			isa = PBXGroup;
			children = (
				27ED88462C9B2B2200D9B35B /* graphScreen.swift */,
				27ED88482C9B2E3100D9B35B /* newCategory.swift */,
			);
			path = graph;
			sourceTree = "<group>";
		};
		27ED88392C99C6F900D9B35B /* expense */ = {
			isa = PBXGroup;
			children = (
				27ED88402C99C76900D9B35B /* newExpense.swift */,
				27ED88422C99C78900D9B35B /* allExpense.swift */,
			);
			path = expense;
			sourceTree = "<group>";
		};
		27ED883A2C99C6FF00D9B35B /* card */ = {
			isa = PBXGroup;
			children = (
				27ED883E2C99C74F00D9B35B /* allCards.swift */,
			);
			path = card;
			sourceTree = "<group>";
		};
		27ED883B2C99C70800D9B35B /* setting */ = {
			isa = PBXGroup;
			children = (
				27ED883C2C99C71600D9B35B /* settings.swift */,
				27ED884A2C9B40DD00D9B35B /* instanceListEditor.swift */,
			);
			path = setting;
			sourceTree = "<group>";
		};
/* End PBXGroup section */

/* Begin PBXNativeTarget section */
		27ED881A2C99C55800D9B35B /* walletCSIA */ = {
			isa = PBXNativeTarget;
			buildConfigurationList = 27ED882B2C99C55B00D9B35B /* Build configuration list for PBXNativeTarget "walletCSIA" */;
			buildPhases = (
				27ED88172C99C55800D9B35B /* Sources */,
				27ED88182C99C55800D9B35B /* Frameworks */,
				27ED88192C99C55800D9B35B /* Resources */,
			);
			buildRules = (
			);
			dependencies = (
			);
			name = walletCSIA;
			productName = walletCSIA;
			productReference = 27ED881B2C99C55800D9B35B /* walletCSIA.app */;
			productType = "com.apple.product-type.application";
		};
/* End PBXNativeTarget section */

/* Begin PBXProject section */
		27ED88132C99C55800D9B35B /* Project object */ = {
			isa = PBXProject;
			attributes = {
				BuildIndependentTargetsInParallel = 1;
				LastSwiftUpdateCheck = 1540;
				LastUpgradeCheck = 1540;
				TargetAttributes = {
					27ED881A2C99C55800D9B35B = {
						CreatedOnToolsVersion = 15.4;
					};
				};
			};
			buildConfigurationList = 27ED88162C99C55800D9B35B /* Build configuration list for PBXProject "walletCSIA" */;
			compatibilityVersion = "Xcode 14.0";
			developmentRegion = en;
			hasScannedForEncodings = 0;
			knownRegions = (
				en,
				Base,
			);
			mainGroup = 27ED88122C99C55800D9B35B;
			productRefGroup = 27ED881C2C99C55800D9B35B /* Products */;
			projectDirPath = "";
			projectRoot = "";
			targets = (
				27ED881A2C99C55800D9B35B /* walletCSIA */,
			);
		};
/* End PBXProject section */

/* Begin PBXResourcesBuildPhase section */
		27ED88192C99C55800D9B35B /* Resources */ = {
			isa = PBXResourcesBuildPhase;
			buildActionMask = 2147483647;
			files = (
				27ED88282C99C55B00D9B35B /* Preview Assets.xcassets in Resources */,
				27ED88252C99C55B00D9B35B /* Assets.xcassets in Resources */,
			);
			runOnlyForDeploymentPostprocessing = 0;
		};
/* End PBXResourcesBuildPhase section */

/* Begin PBXSourcesBuildPhase section */
		27ED88172C99C55800D9B35B /* Sources */ = {
			isa = PBXSourcesBuildPhase;
			buildActionMask = 2147483647;
			files = (
				27ED88492C9B2E3100D9B35B /* newCategory.swift in Sources */,
				27ED88432C99C78900D9B35B /* allExpense.swift in Sources */,
				27ED88312C99C62D00D9B35B /* creditCard.swift in Sources */,
				27ED88352C99C65900D9B35B /* category.swift in Sources */,
				27ED883F2C99C74F00D9B35B /* allCards.swift in Sources */,
				27ED884B2C9B40DD00D9B35B /* instanceListEditor.swift in Sources */,
				27ED883D2C99C71600D9B35B /* settings.swift in Sources */,
				27ED88332C99C63E00D9B35B /* currency.swift in Sources */,
				27ED88472C9B2B2200D9B35B /* graphScreen.swift in Sources */,
				27ED88412C99C76900D9B35B /* newExpense.swift in Sources */,
				27ED88212C99C55800D9B35B /* ContentView.swift in Sources */,
				27ED88232C99C55800D9B35B /* Item.swift in Sources */,
				27ED881F2C99C55800D9B35B /* walletCSIAApp.swift in Sources */,
				27ED88372C99C67B00D9B35B /* expense.swift in Sources */,
			);
			runOnlyForDeploymentPostprocessing = 0;
		};
/* End PBXSourcesBuildPhase section */

/* Begin XCBuildConfiguration section */
		27ED88292C99C55B00D9B35B /* Debug */ = {
			isa = XCBuildConfiguration;
			buildSettings = {
				ALWAYS_SEARCH_USER_PATHS = NO;
				ASSETCATALOG_COMPILER_GENERATE_SWIFT_ASSET_SYMBOL_EXTENSIONS = YES;
				CLANG_ANALYZER_NONNULL = YES;
				CLANG_ANALYZER_NUMBER_OBJECT_CONVERSION = YES_AGGRESSIVE;
				CLANG_CXX_LANGUAGE_STANDARD = "gnu++20";
				CLANG_ENABLE_MODULES = YES;
				CLANG_ENABLE_OBJC_ARC = YES;
				CLANG_ENABLE_OBJC_WEAK = YES;
				CLANG_WARN_BLOCK_CAPTURE_AUTORELEASING = YES;
				CLANG_WARN_BOOL_CONVERSION = YES;
				CLANG_WARN_COMMA = YES;
				CLANG_WARN_CONSTANT_CONVERSION = YES;
				CLANG_WARN_DEPRECATED_OBJC_IMPLEMENTATIONS = YES;
				CLANG_WARN_DIRECT_OBJC_ISA_USAGE = YES_ERROR;
				CLANG_WARN_DOCUMENTATION_COMMENTS = YES;
				CLANG_WARN_EMPTY_BODY = YES;
				CLANG_WARN_ENUM_CONVERSION = YES;
				CLANG_WARN_INFINITE_RECURSION = YES;
				CLANG_WARN_INT_CONVERSION = YES;
				CLANG_WARN_NON_LITERAL_NULL_CONVERSION = YES;
				CLANG_WARN_OBJC_IMPLICIT_RETAIN_SELF = YES;
				CLANG_WARN_OBJC_LITERAL_CONVERSION = YES;
				CLANG_WARN_OBJC_ROOT_CLASS = YES_ERROR;
				CLANG_WARN_QUOTED_INCLUDE_IN_FRAMEWORK_HEADER = YES;
				CLANG_WARN_RANGE_LOOP_ANALYSIS = YES;
				CLANG_WARN_STRICT_PROTOTYPES = YES;
				CLANG_WARN_SUSPICIOUS_MOVE = YES;
				CLANG_WARN_UNGUARDED_AVAILABILITY = YES_AGGRESSIVE;
				CLANG_WARN_UNREACHABLE_CODE = YES;
				CLANG_WARN__DUPLICATE_METHOD_MATCH = YES;
				COPY_PHASE_STRIP = NO;
				DEBUG_INFORMATION_FORMAT = dwarf;
				ENABLE_STRICT_OBJC_MSGSEND = YES;
				ENABLE_TESTABILITY = YES;
				ENABLE_USER_SCRIPT_SANDBOXING = YES;
				GCC_C_LANGUAGE_STANDARD = gnu17;
				GCC_DYNAMIC_NO_PIC = NO;
				GCC_NO_COMMON_BLOCKS = YES;
				GCC_OPTIMIZATION_LEVEL = 0;
				GCC_PREPROCESSOR_DEFINITIONS = (
					"DEBUG=1",
					"$(inherited)",
				);
				GCC_WARN_64_TO_32_BIT_CONVERSION = YES;
				GCC_WARN_ABOUT_RETURN_TYPE = YES_ERROR;
				GCC_WARN_UNDECLARED_SELECTOR = YES;
				GCC_WARN_UNINITIALIZED_AUTOS = YES_AGGRESSIVE;
				GCC_WARN_UNUSED_FUNCTION = YES;
				GCC_WARN_UNUSED_VARIABLE = YES;
				IPHONEOS_DEPLOYMENT_TARGET = 17.5;
				LOCALIZATION_PREFERS_STRING_CATALOGS = YES;
				MTL_ENABLE_DEBUG_INFO = INCLUDE_SOURCE;
				MTL_FAST_MATH = YES;
				ONLY_ACTIVE_ARCH = YES;
				SDKROOT = iphoneos;
				SWIFT_ACTIVE_COMPILATION_CONDITIONS = "DEBUG $(inherited)";
				SWIFT_OPTIMIZATION_LEVEL = "-Onone";
			};
			name = Debug;
		};
		27ED882A2C99C55B00D9B35B /* Release */ = {
			isa = XCBuildConfiguration;
			buildSettings = {
				ALWAYS_SEARCH_USER_PATHS = NO;
				ASSETCATALOG_COMPILER_GENERATE_SWIFT_ASSET_SYMBOL_EXTENSIONS = YES;
				CLANG_ANALYZER_NONNULL = YES;
				CLANG_ANALYZER_NUMBER_OBJECT_CONVERSION = YES_AGGRESSIVE;
				CLANG_CXX_LANGUAGE_STANDARD = "gnu++20";
				CLANG_ENABLE_MODULES = YES;
				CLANG_ENABLE_OBJC_ARC = YES;
				CLANG_ENABLE_OBJC_WEAK = YES;
				CLANG_WARN_BLOCK_CAPTURE_AUTORELEASING = YES;
				CLANG_WARN_BOOL_CONVERSION = YES;
				CLANG_WARN_COMMA = YES;
				CLANG_WARN_CONSTANT_CONVERSION = YES;
				CLANG_WARN_DEPRECATED_OBJC_IMPLEMENTATIONS = YES;
				CLANG_WARN_DIRECT_OBJC_ISA_USAGE = YES_ERROR;
				CLANG_WARN_DOCUMENTATION_COMMENTS = YES;
				CLANG_WARN_EMPTY_BODY = YES;
				CLANG_WARN_ENUM_CONVERSION = YES;
				CLANG_WARN_INFINITE_RECURSION = YES;
				CLANG_WARN_INT_CONVERSION = YES;
				CLANG_WARN_NON_LITERAL_NULL_CONVERSION = YES;
				CLANG_WARN_OBJC_IMPLICIT_RETAIN_SELF = YES;
				CLANG_WARN_OBJC_LITERAL_CONVERSION = YES;
				CLANG_WARN_OBJC_ROOT_CLASS = YES_ERROR;
				CLANG_WARN_QUOTED_INCLUDE_IN_FRAMEWORK_HEADER = YES;
				CLANG_WARN_RANGE_LOOP_ANALYSIS = YES;
				CLANG_WARN_STRICT_PROTOTYPES = YES;
				CLANG_WARN_SUSPICIOUS_MOVE = YES;
				CLANG_WARN_UNGUARDED_AVAILABILITY = YES_AGGRESSIVE;
				CLANG_WARN_UNREACHABLE_CODE = YES;
				CLANG_WARN__DUPLICATE_METHOD_MATCH = YES;
				COPY_PHASE_STRIP = NO;
				DEBUG_INFORMATION_FORMAT = "dwarf-with-dsym";
				ENABLE_NS_ASSERTIONS = NO;
				ENABLE_STRICT_OBJC_MSGSEND = YES;
				ENABLE_USER_SCRIPT_SANDBOXING = YES;
				GCC_C_LANGUAGE_STANDARD = gnu17;
				GCC_NO_COMMON_BLOCKS = YES;
				GCC_WARN_64_TO_32_BIT_CONVERSION = YES;
				GCC_WARN_ABOUT_RETURN_TYPE = YES_ERROR;
				GCC_WARN_UNDECLARED_SELECTOR = YES;
				GCC_WARN_UNINITIALIZED_AUTOS = YES_AGGRESSIVE;
				GCC_WARN_UNUSED_FUNCTION = YES;
				GCC_WARN_UNUSED_VARIABLE = YES;
				IPHONEOS_DEPLOYMENT_TARGET = 17.5;
				LOCALIZATION_PREFERS_STRING_CATALOGS = YES;
				MTL_ENABLE_DEBUG_INFO = NO;
				MTL_FAST_MATH = YES;
				SDKROOT = iphoneos;
				SWIFT_COMPILATION_MODE = wholemodule;
				VALIDATE_PRODUCT = YES;
			};
			name = Release;
		};
		27ED882C2C99C55B00D9B35B /* Debug */ = {
			isa = XCBuildConfiguration;
			buildSettings = {
				ASSETCATALOG_COMPILER_APPICON_NAME = AppIcon;
				ASSETCATALOG_COMPILER_GLOBAL_ACCENT_COLOR_NAME = AccentColor;
				CODE_SIGN_STYLE = Automatic;
				CURRENT_PROJECT_VERSION = 1;
				DEVELOPMENT_ASSET_PATHS = "\"walletCSIA/Preview Content\"";
				ENABLE_PREVIEWS = YES;
				GENERATE_INFOPLIST_FILE = YES;
				INFOPLIST_KEY_UIApplicationSceneManifest_Generation = YES;
				INFOPLIST_KEY_UIApplicationSupportsIndirectInputEvents = YES;
				INFOPLIST_KEY_UILaunchScreen_Generation = YES;
				INFOPLIST_KEY_UISupportedInterfaceOrientations_iPad = "UIInterfaceOrientationPortrait UIInterfaceOrientationPortraitUpsideDown UIInterfaceOrientationLandscapeLeft UIInterfaceOrientationLandscapeRight";
				INFOPLIST_KEY_UISupportedInterfaceOrientations_iPhone = "UIInterfaceOrientationPortrait UIInterfaceOrientationLandscapeLeft UIInterfaceOrientationLandscapeRight";
				LD_RUNPATH_SEARCH_PATHS = (
					"$(inherited)",
					"@executable_path/Frameworks",
				);
				MARKETING_VERSION = 1.0;
				PRODUCT_BUNDLE_IDENTIFIER = com.mayfu.walletCSIA;
				PRODUCT_NAME = "$(TARGET_NAME)";
				SWIFT_EMIT_LOC_STRINGS = YES;
				SWIFT_VERSION = 5.0;
				TARGETED_DEVICE_FAMILY = "1,2";
			};
			name = Debug;
		};
		27ED882D2C99C55B00D9B35B /* Release */ = {
			isa = XCBuildConfiguration;
			buildSettings = {
				ASSETCATALOG_COMPILER_APPICON_NAME = AppIcon;
				ASSETCATALOG_COMPILER_GLOBAL_ACCENT_COLOR_NAME = AccentColor;
				CODE_SIGN_STYLE = Automatic;
				CURRENT_PROJECT_VERSION = 1;
				DEVELOPMENT_ASSET_PATHS = "\"walletCSIA/Preview Content\"";
				ENABLE_PREVIEWS = YES;
				GENERATE_INFOPLIST_FILE = YES;
				INFOPLIST_KEY_UIApplicationSceneManifest_Generation = YES;
				INFOPLIST_KEY_UIApplicationSupportsIndirectInputEvents = YES;
				INFOPLIST_KEY_UILaunchScreen_Generation = YES;
				INFOPLIST_KEY_UISupportedInterfaceOrientations_iPad = "UIInterfaceOrientationPortrait UIInterfaceOrientationPortraitUpsideDown UIInterfaceOrientationLandscapeLeft UIInterfaceOrientationLandscapeRight";
				INFOPLIST_KEY_UISupportedInterfaceOrientations_iPhone = "UIInterfaceOrientationPortrait UIInterfaceOrientationLandscapeLeft UIInterfaceOrientationLandscapeRight";
				LD_RUNPATH_SEARCH_PATHS = (
					"$(inherited)",
					"@executable_path/Frameworks",
				);
				MARKETING_VERSION = 1.0;
				PRODUCT_BUNDLE_IDENTIFIER = com.mayfu.walletCSIA;
				PRODUCT_NAME = "$(TARGET_NAME)";
				SWIFT_EMIT_LOC_STRINGS = YES;
				SWIFT_VERSION = 5.0;
				TARGETED_DEVICE_FAMILY = "1,2";
			};
			name = Release;
		};
/* End XCBuildConfiguration section */

/* Begin XCConfigurationList section */
		27ED88162C99C55800D9B35B /* Build configuration list for PBXProject "walletCSIA" */ = {
			isa = XCConfigurationList;
			buildConfigurations = (
				27ED88292C99C55B00D9B35B /* Debug */,
				27ED882A2C99C55B00D9B35B /* Release */,
			);
			defaultConfigurationIsVisible = 0;
			defaultConfigurationName = Release;
		};
		27ED882B2C99C55B00D9B35B /* Build configuration list for PBXNativeTarget "walletCSIA" */ = {
			isa = XCConfigurationList;
			buildConfigurations = (
				27ED882C2C99C55B00D9B35B /* Debug */,
				27ED882D2C99C55B00D9B35B /* Release */,
			);
			defaultConfigurationIsVisible = 0;
			defaultConfigurationName = Release;
		};
/* End XCConfigurationList section */
	};
	rootObject = 27ED88132C99C55800D9B35B /* Project object */;
}
